// !$*UTF8*$!
{
	archiveVersion = 1;
	classes = {
	};
	objectVersion = 48;
	objects = {

/* Begin PBXBuildFile section */
		CA0343862010043500037D59 /* AppDelegate.swift in Sources */ = {isa = PBXBuildFile; fileRef = CA0343852010043500037D59 /* AppDelegate.swift */; };
		CA0343882010043500037D59 /* FriendsController.swift in Sources */ = {isa = PBXBuildFile; fileRef = CA0343872010043500037D59 /* FriendsController.swift */; };
		CA03438B2010043500037D59 /* Main.storyboard in Resources */ = {isa = PBXBuildFile; fileRef = CA0343892010043500037D59 /* Main.storyboard */; };
		CA03438E2010043500037D59 /* Facebook_Messenger.xcdatamodeld in Sources */ = {isa = PBXBuildFile; fileRef = CA03438C2010043500037D59 /* Facebook_Messenger.xcdatamodeld */; };
		CA0343932010043500037D59 /* LaunchScreen.storyboard in Resources */ = {isa = PBXBuildFile; fileRef = CA0343912010043500037D59 /* LaunchScreen.storyboard */; };
		CA03439B2010080800037D59 /* Assets.xcassets in Resources */ = {isa = PBXBuildFile; fileRef = CA03439A2010080800037D59 /* Assets.xcassets */; };
		CA0D525F2015314F0010DA4D /* CustomTabBarController.swift in Sources */ = {isa = PBXBuildFile; fileRef = CA0D525E2015314F0010DA4D /* CustomTabBarController.swift */; };
		CA0D5266201560560010DA4D /* Message+CoreDataClass.swift in Sources */ = {isa = PBXBuildFile; fileRef = CA0D5264201560560010DA4D /* Message+CoreDataClass.swift */; };
		CA0D5267201560560010DA4D /* Message+CoreDataProperties.swift in Sources */ = {isa = PBXBuildFile; fileRef = CA0D5265201560560010DA4D /* Message+CoreDataProperties.swift */; };
		CAA102182012805200C2AF2C /* Friend+CoreDataClass.swift in Sources */ = {isa = PBXBuildFile; fileRef = CAA102142012805200C2AF2C /* Friend+CoreDataClass.swift */; };
		CAA102192012805200C2AF2C /* Friend+CoreDataProperties.swift in Sources */ = {isa = PBXBuildFile; fileRef = CAA102152012805200C2AF2C /* Friend+CoreDataProperties.swift */; };
		CAA1021B20141B1100C2AF2C /* ChatLogController.swift in Sources */ = {isa = PBXBuildFile; fileRef = CAA1021A20141B1100C2AF2C /* ChatLogController.swift */; };
		CAF8D6702012715D008AD18F /* FriendsControllerHelper.swift in Sources */ = {isa = PBXBuildFile; fileRef = CAF8D66F2012715D008AD18F /* FriendsControllerHelper.swift */; };
/* End PBXBuildFile section */

/* Begin PBXFileReference section */
		CA0343822010043500037D59 /* Facebook-Messenger.app */ = {isa = PBXFileReference; explicitFileType = wrapper.application; includeInIndex = 0; path = "Facebook-Messenger.app"; sourceTree = BUILT_PRODUCTS_DIR; };
		CA0343852010043500037D59 /* AppDelegate.swift */ = {isa = PBXFileReference; lastKnownFileType = sourcecode.swift; path = AppDelegate.swift; sourceTree = "<group>"; };
		CA0343872010043500037D59 /* FriendsController.swift */ = {isa = PBXFileReference; lastKnownFileType = sourcecode.swift; path = FriendsController.swift; sourceTree = "<group>"; };
		CA03438A2010043500037D59 /* Base */ = {isa = PBXFileReference; lastKnownFileType = file.storyboard; name = Base; path = Base.lproj/Main.storyboard; sourceTree = "<group>"; };
		CA03438D2010043500037D59 /* Facebook_Messenger.xcdatamodel */ = {isa = PBXFileReference; lastKnownFileType = wrapper.xcdatamodel; path = Facebook_Messenger.xcdatamodel; sourceTree = "<group>"; };
		CA0343922010043500037D59 /* Base */ = {isa = PBXFileReference; lastKnownFileType = file.storyboard; name = Base; path = Base.lproj/LaunchScreen.storyboard; sourceTree = "<group>"; };
		CA0343942010043500037D59 /* Info.plist */ = {isa = PBXFileReference; lastKnownFileType = text.plist.xml; path = Info.plist; sourceTree = "<group>"; };
		CA03439A2010080800037D59 /* Assets.xcassets */ = {isa = PBXFileReference; lastKnownFileType = folder.assetcatalog; name = Assets.xcassets; path = ../../../fbMessenger/fbMessenger/Assets.xcassets; sourceTree = "<group>"; };
		CA0D525E2015314F0010DA4D /* CustomTabBarController.swift */ = {isa = PBXFileReference; lastKnownFileType = sourcecode.swift; path = CustomTabBarController.swift; sourceTree = "<group>"; };
		CA0D5264201560560010DA4D /* Message+CoreDataClass.swift */ = {isa = PBXFileReference; lastKnownFileType = sourcecode.swift; path = "Message+CoreDataClass.swift"; sourceTree = "<group>"; };
		CA0D5265201560560010DA4D /* Message+CoreDataProperties.swift */ = {isa = PBXFileReference; lastKnownFileType = sourcecode.swift; path = "Message+CoreDataProperties.swift"; sourceTree = "<group>"; };
		CAA102142012805200C2AF2C /* Friend+CoreDataClass.swift */ = {isa = PBXFileReference; lastKnownFileType = sourcecode.swift; path = "Friend+CoreDataClass.swift"; sourceTree = "<group>"; };
		CAA102152012805200C2AF2C /* Friend+CoreDataProperties.swift */ = {isa = PBXFileReference; lastKnownFileType = sourcecode.swift; path = "Friend+CoreDataProperties.swift"; sourceTree = "<group>"; };
		CAA1021A20141B1100C2AF2C /* ChatLogController.swift */ = {isa = PBXFileReference; lastKnownFileType = sourcecode.swift; path = ChatLogController.swift; sourceTree = "<group>"; };
		CAF8D66F2012715D008AD18F /* FriendsControllerHelper.swift */ = {isa = PBXFileReference; lastKnownFileType = sourcecode.swift; path = FriendsControllerHelper.swift; sourceTree = "<group>"; };
/* End PBXFileReference section */

/* Begin PBXFrameworksBuildPhase section */
		CA03437F2010043500037D59 /* Frameworks */ = {
			isa = PBXFrameworksBuildPhase;
			buildActionMask = 2147483647;
			files = (
			);
			runOnlyForDeploymentPostprocessing = 0;
		};
/* End PBXFrameworksBuildPhase section */

/* Begin PBXGroup section */
		CA0343792010043400037D59 = {
			isa = PBXGroup;
			children = (
				CA0343842010043500037D59 /* Facebook-Messenger */,
				CA0343832010043500037D59 /* Products */,
			);
			sourceTree = "<group>";
		};
		CA0343832010043500037D59 /* Products */ = {
			isa = PBXGroup;
			children = (
				CA0343822010043500037D59 /* Facebook-Messenger.app */,
			);
			name = Products;
			sourceTree = "<group>";
		};
		CA0343842010043500037D59 /* Facebook-Messenger */ = {
			isa = PBXGroup;
			children = (
				CA0D525D201530480010DA4D /* Core Data */,
				CA0343872010043500037D59 /* FriendsController.swift */,
				CAF8D66F2012715D008AD18F /* FriendsControllerHelper.swift */,
				CAA1021A20141B1100C2AF2C /* ChatLogController.swift */,
				CA0D525E2015314F0010DA4D /* CustomTabBarController.swift */,
				CA0343892010043500037D59 /* Main.storyboard */,
				CA0343852010043500037D59 /* AppDelegate.swift */,
				CA03439A2010080800037D59 /* Assets.xcassets */,
				CA0343912010043500037D59 /* LaunchScreen.storyboard */,
				CA0343942010043500037D59 /* Info.plist */,
				CA03438C2010043500037D59 /* Facebook_Messenger.xcdatamodeld */,
			);
			path = "Facebook-Messenger";
			sourceTree = "<group>";
		};
		CA0D525D201530480010DA4D /* Core Data */ = {
			isa = PBXGroup;
			children = (
				CA0D5264201560560010DA4D /* Message+CoreDataClass.swift */,
				CA0D5265201560560010DA4D /* Message+CoreDataProperties.swift */,
				CAA102142012805200C2AF2C /* Friend+CoreDataClass.swift */,
				CAA102152012805200C2AF2C /* Friend+CoreDataProperties.swift */,
			);
			path = "Core Data";
			sourceTree = "<group>";
		};
/* End PBXGroup section */

/* Begin PBXNativeTarget section */
		CA0343812010043500037D59 /* Facebook-Messenger */ = {
			isa = PBXNativeTarget;
			buildConfigurationList = CA0343972010043500037D59 /* Build configuration list for PBXNativeTarget "Facebook-Messenger" */;
			buildPhases = (
				CA03437E2010043500037D59 /* Sources */,
				CA03437F2010043500037D59 /* Frameworks */,
				CA0343802010043500037D59 /* Resources */,
			);
			buildRules = (
			);
			dependencies = (
			);
			name = "Facebook-Messenger";
			productName = "Facebook-Messenger";
			productReference = CA0343822010043500037D59 /* Facebook-Messenger.app */;
			productType = "com.apple.product-type.application";
		};
/* End PBXNativeTarget section */

/* Begin PBXProject section */
		CA03437A2010043400037D59 /* Project object */ = {
			isa = PBXProject;
			attributes = {
				LastSwiftUpdateCheck = 0920;
				LastUpgradeCheck = 0920;
				ORGANIZATIONNAME = "Brandon Baars";
				TargetAttributes = {
					CA0343812010043500037D59 = {
						CreatedOnToolsVersion = 9.2;
						ProvisioningStyle = Automatic;
					};
				};
			};
			buildConfigurationList = CA03437D2010043400037D59 /* Build configuration list for PBXProject "Facebook-Messenger" */;
			compatibilityVersion = "Xcode 8.0";
			developmentRegion = en;
			hasScannedForEncodings = 0;
			knownRegions = (
				en,
				Base,
			);
			mainGroup = CA0343792010043400037D59;
			productRefGroup = CA0343832010043500037D59 /* Products */;
			projectDirPath = "";
			projectRoot = "";
			targets = (
				CA0343812010043500037D59 /* Facebook-Messenger */,
			);
		};
/* End PBXProject section */

/* Begin PBXResourcesBuildPhase section */
		CA0343802010043500037D59 /* Resources */ = {
			isa = PBXResourcesBuildPhase;
			buildActionMask = 2147483647;
			files = (
				CA0343932010043500037D59 /* LaunchScreen.storyboard in Resources */,
				CA03439B2010080800037D59 /* Assets.xcassets in Resources */,
				CA03438B2010043500037D59 /* Main.storyboard in Resources */,
			);
			runOnlyForDeploymentPostprocessing = 0;
		};
/* End PBXResourcesBuildPhase section */

/* Begin PBXSourcesBuildPhase section */
		CA03437E2010043500037D59 /* Sources */ = {
			isa = PBXSourcesBuildPhase;
			buildActionMask = 2147483647;
			files = (
				CA0D5266201560560010DA4D /* Message+CoreDataClass.swift in Sources */,
				CAA1021B20141B1100C2AF2C /* ChatLogController.swift in Sources */,
				CA0343882010043500037D59 /* FriendsController.swift in Sources */,
				CA0D525F2015314F0010DA4D /* CustomTabBarController.swift in Sources */,
				CA03438E2010043500037D59 /* Facebook_Messenger.xcdatamodeld in Sources */,
				CA0343862010043500037D59 /* AppDelegate.swift in Sources */,
				CAF8D6702012715D008AD18F /* FriendsControllerHelper.swift in Sources */,
				CAA102192012805200C2AF2C /* Friend+CoreDataProperties.swift in Sources */,
				CA0D5267201560560010DA4D /* Message+CoreDataProperties.swift in Sources */,
				CAA102182012805200C2AF2C /* Friend+CoreDataClass.swift in Sources */,
			);
			runOnlyForDeploymentPostprocessing = 0;
		};
/* End PBXSourcesBuildPhase section */

/* Begin PBXVariantGroup section */
		CA0343892010043500037D59 /* Main.storyboard */ = {
			isa = PBXVariantGroup;
			children = (
				CA03438A2010043500037D59 /* Base */,
			);
			name = Main.storyboard;
			sourceTree = "<group>";
		};
		CA0343912010043500037D59 /* LaunchScreen.storyboard */ = {
			isa = PBXVariantGroup;
			children = (
				CA0343922010043500037D59 /* Base */,
			);
			name = LaunchScreen.storyboard;
			sourceTree = "<group>";
		};
/* End PBXVariantGroup section */

/* Begin XCBuildConfiguration section */
		CA0343952010043500037D59 /* Debug */ = {
			isa = XCBuildConfiguration;
			buildSettings = {
				ALWAYS_SEARCH_USER_PATHS = NO;
				CLANG_ANALYZER_NONNULL = YES;
				CLANG_ANALYZER_NUMBER_OBJECT_CONVERSION = YES_AGGRESSIVE;
				CLANG_CXX_LANGUAGE_STANDARD = "gnu++14";
				CLANG_CXX_LIBRARY = "libc++";
				CLANG_ENABLE_MODULES = YES;
				CLANG_ENABLE_OBJC_ARC = YES;
				CLANG_WARN_BLOCK_CAPTURE_AUTORELEASING = YES;
				CLANG_WARN_BOOL_CONVERSION = YES;
				CLANG_WARN_COMMA = YES;
				CLANG_WARN_CONSTANT_CONVERSION = YES;
				CLANG_WARN_DIRECT_OBJC_ISA_USAGE = YES_ERROR;
				CLANG_WARN_DOCUMENTATION_COMMENTS = YES;
				CLANG_WARN_EMPTY_BODY = YES;
				CLANG_WARN_ENUM_CONVERSION = YES;
				CLANG_WARN_INFINITE_RECURSION = YES;
				CLANG_WARN_INT_CONVERSION = YES;
				CLANG_WARN_NON_LITERAL_NULL_CONVERSION = YES;
				CLANG_WARN_OBJC_LITERAL_CONVERSION = YES;
				CLANG_WARN_OBJC_ROOT_CLASS = YES_ERROR;
				CLANG_WARN_RANGE_LOOP_ANALYSIS = YES;
				CLANG_WARN_STRICT_PROTOTYPES = YES;
				CLANG_WARN_SUSPICIOUS_MOVE = YES;
				CLANG_WARN_UNGUARDED_AVAILABILITY = YES_AGGRESSIVE;
				CLANG_WARN_UNREACHABLE_CODE = YES;
				CLANG_WARN__DUPLICATE_METHOD_MATCH = YES;
				CODE_SIGN_IDENTITY = "iPhone Developer";
				COPY_PHASE_STRIP = NO;
				DEBUG_INFORMATION_FORMAT = dwarf;
				ENABLE_BITCODE = YES;
				ENABLE_STRICT_OBJC_MSGSEND = YES;
				ENABLE_TESTABILITY = YES;
				GCC_C_LANGUAGE_STANDARD = gnu11;
				GCC_DYNAMIC_NO_PIC = NO;
				GCC_NO_COMMON_BLOCKS = YES;
				GCC_OPTIMIZATION_LEVEL = 0;
				GCC_PREPROCESSOR_DEFINITIONS = (
					"DEBUG=1",
					"$(inherited)",
				);
				GCC_WARN_64_TO_32_BIT_CONVERSION = YES;
				GCC_WARN_ABOUT_RETURN_TYPE = YES_ERROR;
				GCC_WARN_UNDECLARED_SELECTOR = YES;
				GCC_WARN_UNINITIALIZED_AUTOS = YES_AGGRESSIVE;
				GCC_WARN_UNUSED_FUNCTION = YES;
				GCC_WARN_UNUSED_VARIABLE = YES;
				IPHONEOS_DEPLOYMENT_TARGET = 11.2;
				MTL_ENABLE_DEBUG_INFO = YES;
				ONLY_ACTIVE_ARCH = YES;
				SDKROOT = iphoneos;
				SWIFT_ACTIVE_COMPILATION_CONDITIONS = DEBUG;
				SWIFT_OPTIMIZATION_LEVEL = "-Onone";
			};
			name = Debug;
		};
		CA0343962010043500037D59 /* Release */ = {
			isa = XCBuildConfiguration;
			buildSettings = {
				ALWAYS_SEARCH_USER_PATHS = NO;
				CLANG_ANALYZER_NONNULL = YES;
				CLANG_ANALYZER_NUMBER_OBJECT_CONVERSION = YES_AGGRESSIVE;
				CLANG_CXX_LANGUAGE_STANDARD = "gnu++14";
				CLANG_CXX_LIBRARY = "libc++";
				CLANG_ENABLE_MODULES = YES;
				CLANG_ENABLE_OBJC_ARC = YES;
				CLANG_WARN_BLOCK_CAPTURE_AUTORELEASING = YES;
				CLANG_WARN_BOOL_CONVERSION = YES;
				CLANG_WARN_COMMA = YES;
				CLANG_WARN_CONSTANT_CONVERSION = YES;
				CLANG_WARN_DIRECT_OBJC_ISA_USAGE = YES_ERROR;
				CLANG_WARN_DOCUMENTATION_COMMENTS = YES;
				CLANG_WARN_EMPTY_BODY = YES;
				CLANG_WARN_ENUM_CONVERSION = YES;
				CLANG_WARN_INFINITE_RECURSION = YES;
				CLANG_WARN_INT_CONVERSION = YES;
				CLANG_WARN_NON_LITERAL_NULL_CONVERSION = YES;
				CLANG_WARN_OBJC_LITERAL_CONVERSION = YES;
				CLANG_WARN_OBJC_ROOT_CLASS = YES_ERROR;
				CLANG_WARN_RANGE_LOOP_ANALYSIS = YES;
				CLANG_WARN_STRICT_PROTOTYPES = YES;
				CLANG_WARN_SUSPICIOUS_MOVE = YES;
				CLANG_WARN_UNGUARDED_AVAILABILITY = YES_AGGRESSIVE;
				CLANG_WARN_UNREACHABLE_CODE = YES;
				CLANG_WARN__DUPLICATE_METHOD_MATCH = YES;
				CODE_SIGN_IDENTITY = "iPhone Developer";
				COPY_PHASE_STRIP = NO;
				DEBUG_INFORMATION_FORMAT = "dwarf-with-dsym";
				ENABLE_BITCODE = YES;
				ENABLE_NS_ASSERTIONS = NO;
				ENABLE_STRICT_OBJC_MSGSEND = YES;
				GCC_C_LANGUAGE_STANDARD = gnu11;
				GCC_NO_COMMON_BLOCKS = YES;
				GCC_WARN_64_TO_32_BIT_CONVERSION = YES;
				GCC_WARN_ABOUT_RETURN_TYPE = YES_ERROR;
				GCC_WARN_UNDECLARED_SELECTOR = YES;
				GCC_WARN_UNINITIALIZED_AUTOS = YES_AGGRESSIVE;
				GCC_WARN_UNUSED_FUNCTION = YES;
				GCC_WARN_UNUSED_VARIABLE = YES;
				IPHONEOS_DEPLOYMENT_TARGET = 11.2;
				MTL_ENABLE_DEBUG_INFO = NO;
				SDKROOT = iphoneos;
				SWIFT_OPTIMIZATION_LEVEL = "-Owholemodule";
				VALIDATE_PRODUCT = YES;
			};
			name = Release;
		};
		CA0343982010043500037D59 /* Debug */ = {
			isa = XCBuildConfiguration;
			buildSettings = {
				ASSETCATALOG_COMPILER_APPICON_NAME = AppIcon;
				"CODE_SIGN_IDENTITY[sdk=iphoneos*]" = "iPhone Developer";
				CODE_SIGN_STYLE = Automatic;
				DEVELOPMENT_TEAM = 4TWWRT697R;
				ENABLE_BITCODE = YES;
				INFOPLIST_FILE = "Facebook-Messenger/Info.plist";
				LD_RUNPATH_SEARCH_PATHS = "$(inherited) @executable_path/Frameworks";
				PRODUCT_BUNDLE_IDENTIFIER = "BB.Facebook-Messenger";
				PRODUCT_NAME = "$(TARGET_NAME)";
				PROVISIONING_PROFILE_SPECIFIER = "";
				SWIFT_VERSION = 4.0;
				TARGETED_DEVICE_FAMILY = "1,2";
			};
			name = Debug;
		};
		CA0343992010043500037D59 /* Release */ = {
			isa = XCBuildConfiguration;
			buildSettings = {
				ASSETCATALOG_COMPILER_APPICON_NAME = AppIcon;
				"CODE_SIGN_IDENTITY[sdk=iphoneos*]" = "iPhone Developer";
				CODE_SIGN_STYLE = Automatic;
				DEVELOPMENT_TEAM = 4TWWRT697R;
				ENABLE_BITCODE = YES;
				INFOPLIST_FILE = "Facebook-Messenger/Info.plist";
				LD_RUNPATH_SEARCH_PATHS = "$(inherited) @executable_path/Frameworks";
				PRODUCT_BUNDLE_IDENTIFIER = "BB.Facebook-Messenger";
				PRODUCT_NAME = "$(TARGET_NAME)";
				PROVISIONING_PROFILE_SPECIFIER = "";
				SWIFT_VERSION = 4.0;
				TARGETED_DEVICE_FAMILY = "1,2";
			};
			name = Release;
		};
/* End XCBuildConfiguration section */

/* Begin XCConfigurationList section */
		CA03437D2010043400037D59 /* Build configuration list for PBXProject "Facebook-Messenger" */ = {
			isa = XCConfigurationList;
			buildConfigurations = (
				CA0343952010043500037D59 /* Debug */,
				CA0343962010043500037D59 /* Release */,
			);
			defaultConfigurationIsVisible = 0;
			defaultConfigurationName = Release;
		};
		CA0343972010043500037D59 /* Build configuration list for PBXNativeTarget "Facebook-Messenger" */ = {
			isa = XCConfigurationList;
			buildConfigurations = (
				CA0343982010043500037D59 /* Debug */,
				CA0343992010043500037D59 /* Release */,
			);
			defaultConfigurationIsVisible = 0;
			defaultConfigurationName = Release;
		};
/* End XCConfigurationList section */

/* Begin XCVersionGroup section */
		CA03438C2010043500037D59 /* Facebook_Messenger.xcdatamodeld */ = {
			isa = XCVersionGroup;
			children = (
				CA03438D2010043500037D59 /* Facebook_Messenger.xcdatamodel */,
			);
			currentVersion = CA03438D2010043500037D59 /* Facebook_Messenger.xcdatamodel */;
			path = Facebook_Messenger.xcdatamodeld;
			sourceTree = "<group>";
			versionGroupType = wrapper.xcdatamodel;
		};
/* End XCVersionGroup section */
	};
	rootObject = CA03437A2010043400037D59 /* Project object */;
}
